
Microsoft Visual Studio Solution File, Format Version 12.00
Project("{FAE04EC0-301F-11D3-BF4B-00C04F79EFBC}") = "ScopingExample", "ScopingExample\ScopingExample.csproj", "{A1C483FB-E0F4-436B-8827-1D81C17ECC71}"
EndProject
Project("{FAE04EC0-301F-11D3-BF4B-00C04F79EFBC}") = "DbContext", "DbContext\DbContext.csproj", "{1F4786CE-A454-46EE-9C07-4637276DF45E}"
EndProject
Global
	GlobalSection(SolutionConfigurationPlatforms) = preSolution
		Debug|Any CPU = Debug|Any CPU
		Release|Any CPU = Release|Any CPU
	EndGlobalSection
	GlobalSection(ProjectConfigurationPlatforms) = postSolution
		{A1C483FB-E0F4-436B-8827-1D81C17ECC71}.Debug|Any CPU.ActiveCfg = Debug|Any CPU
		{A1C483FB-E0F4-436B-8827-1D81C17ECC71}.Debug|Any CPU.Build.0 = Debug|Any CPU
		{A1C483FB-E0F4-436B-8827-1D81C17ECC71}.Release|Any CPU.ActiveCfg = Release|Any CPU
		{A1C483FB-E0F4-436B-8827-1D81C17ECC71}.Release|Any CPU.Build.0 = Release|Any CPU
		{1F4786CE-A454-46EE-9C07-4637276DF45E}.Debug|Any CPU.ActiveCfg = Debug|Any CPU
		{1F4786CE-A454-46EE-9C07-4637276DF45E}.Debug|Any CPU.Build.0 = Debug|Any CPU
		{1F4786CE-A454-46EE-9C07-4637276DF45E}.Release|Any CPU.ActiveCfg = Release|Any CPU
		{1F4786CE-A454-46EE-9C07-4637276DF45E}.Release|Any CPU.Build.0 = Release|Any CPU
	EndGlobalSection
EndGlobal
